
Microsoft Visual Studio Solution File, Format Version 12.00
# Visual Studio Version 17
VisualStudioVersion = 17.14.36310.24 d17.14
MinimumVisualStudioVersion = 10.0.40219.1
Project("{FAE04EC0-301F-11D3-BF4B-00C04F79EFBC}") = "sistema de facturacion repuestos de moto", "sistema de facturacion repuestos de moto.csproj", "{ABADFE63-FA24-4BF8-B3A2-DDE08B137FC8}"
EndProject
Project("{FAE04EC0-301F-11D3-BF4B-00C04F79EFBC}") = "CapaDatos", "..\CapaDatos\CapaDatos.csproj", "{81B3FE03-8BBB-4546-942A-6A9E9F40971F}"
EndProject
Project("{FAE04EC0-301F-11D3-BF4B-00C04F79EFBC}") = "CapaEntidades", "..\CapaEntidades\CapaEntidades.csproj", "{19F0C9B0-6B43-4048-8442-111A58C721BE}"
EndProject
Project("{FAE04EC0-301F-11D3-BF4B-00C04F79EFBC}") = "CapaNegocios", "..\CapaNegocios\CapaNegocios.csproj", "{49A101CC-1FFA-427F-A9F2-A80E09609457}"
EndProject
Global
	GlobalSection(SolutionConfigurationPlatforms) = preSolution
		Debug|Any CPU = Debug|Any CPU
		Release|Any CPU = Release|Any CPU
	EndGlobalSection
	GlobalSection(ProjectConfigurationPlatforms) = postSolution
		{ABADFE63-FA24-4BF8-B3A2-DDE08B137FC8}.Debug|Any CPU.ActiveCfg = Debug|Any CPU
		{ABADFE63-FA24-4BF8-B3A2-DDE08B137FC8}.Debug|Any CPU.Build.0 = Debug|Any CPU
		{ABADFE63-FA24-4BF8-B3A2-DDE08B137FC8}.Release|Any CPU.ActiveCfg = Release|Any CPU
		{ABADFE63-FA24-4BF8-B3A2-DDE08B137FC8}.Release|Any CPU.Build.0 = Release|Any CPU
		{81B3FE03-8BBB-4546-942A-6A9E9F40971F}.Debug|Any CPU.ActiveCfg = Debug|Any CPU
		{81B3FE03-8BBB-4546-942A-6A9E9F40971F}.Debug|Any CPU.Build.0 = Debug|Any CPU
		{81B3FE03-8BBB-4546-942A-6A9E9F40971F}.Release|Any CPU.ActiveCfg = Release|Any CPU
		{81B3FE03-8BBB-4546-942A-6A9E9F40971F}.Release|Any CPU.Build.0 = Release|Any CPU
		{19F0C9B0-6B43-4048-8442-111A58C721BE}.Debug|Any CPU.ActiveCfg = Debug|Any CPU
		{19F0C9B0-6B43-4048-8442-111A58C721BE}.Debug|Any CPU.Build.0 = Debug|Any CPU
		{19F0C9B0-6B43-4048-8442-111A58C721BE}.Release|Any CPU.ActiveCfg = Release|Any CPU
		{19F0C9B0-6B43-4048-8442-111A58C721BE}.Release|Any CPU.Build.0 = Release|Any CPU
		{49A101CC-1FFA-427F-A9F2-A80E09609457}.Debug|Any CPU.ActiveCfg = Debug|Any CPU
		{49A101CC-1FFA-427F-A9F2-A80E09609457}.Debug|Any CPU.Build.0 = Debug|Any CPU
		{49A101CC-1FFA-427F-A9F2-A80E09609457}.Release|Any CPU.ActiveCfg = Release|Any CPU
		{49A101CC-1FFA-427F-A9F2-A80E09609457}.Release|Any CPU.Build.0 = Release|Any CPU
	EndGlobalSection
	GlobalSection(SolutionProperties) = preSolution
		HideSolutionNode = FALSE
	EndGlobalSection
	GlobalSection(ExtensibilityGlobals) = postSolution
		SolutionGuid = {CAAB48AF-7CBF-4C26-95F9-142673E575E7}
	EndGlobalSection
EndGlobal
